
Microsoft Visual Studio Solution File, Format Version 12.00
# Visual Studio Version 17
VisualStudioVersion = 17.0.31912.275
MinimumVisualStudioVersion = 10.0.40219.1
Project("{9A19103F-16F7-4668-BE54-9A1E7A4F7556}") = "GO-Search-Engine-React", "GO-Search-Engine-React\GO-Search-Engine-React.csproj", "{9198BA14-017C-4A90-B512-135E49777202}"
EndProject
Project("{9A19103F-16F7-4668-BE54-9A1E7A4F7556}") = "Web-API", "Web-API\Web-API.csproj", "{618760CD-2B6A-43B3-B1A1-379DBDDCFB42}"
EndProject
Project("{9A19103F-16F7-4668-BE54-9A1E7A4F7556}") = "GO-Search.Documents.MongoDB", "GO-Search.Documents.MongoDB\GO-Search.Documents.MongoDB.csproj", "{5781E9AB-0C89-4078-8392-723B63941CA8}"
EndProject
Project("{FAE04EC0-301F-11D3-BF4B-00C04F79EFBC}") = "GO-SearchEngine-Bing-API", "GO-SearchEngine-Bing-API\GO-SearchEngine-Bing-API.csproj", "{EA8F95F8-E581-4E4A-9B85-9014FA09228F}"
EndProject
Global
	GlobalSection(SolutionConfigurationPlatforms) = preSolution
		Debug|Any CPU = Debug|Any CPU
		Release|Any CPU = Release|Any CPU
	EndGlobalSection
	GlobalSection(ProjectConfigurationPlatforms) = postSolution
		{9198BA14-017C-4A90-B512-135E49777202}.Debug|Any CPU.ActiveCfg = Debug|Any CPU
		{9198BA14-017C-4A90-B512-135E49777202}.Debug|Any CPU.Build.0 = Debug|Any CPU
		{9198BA14-017C-4A90-B512-135E49777202}.Release|Any CPU.ActiveCfg = Release|Any CPU
		{9198BA14-017C-4A90-B512-135E49777202}.Release|Any CPU.Build.0 = Release|Any CPU
		{618760CD-2B6A-43B3-B1A1-379DBDDCFB42}.Debug|Any CPU.ActiveCfg = Debug|Any CPU
		{618760CD-2B6A-43B3-B1A1-379DBDDCFB42}.Debug|Any CPU.Build.0 = Debug|Any CPU
		{618760CD-2B6A-43B3-B1A1-379DBDDCFB42}.Release|Any CPU.ActiveCfg = Release|Any CPU
		{618760CD-2B6A-43B3-B1A1-379DBDDCFB42}.Release|Any CPU.Build.0 = Release|Any CPU
		{5781E9AB-0C89-4078-8392-723B63941CA8}.Debug|Any CPU.ActiveCfg = Debug|Any CPU
		{5781E9AB-0C89-4078-8392-723B63941CA8}.Debug|Any CPU.Build.0 = Debug|Any CPU
		{5781E9AB-0C89-4078-8392-723B63941CA8}.Release|Any CPU.ActiveCfg = Release|Any CPU
		{5781E9AB-0C89-4078-8392-723B63941CA8}.Release|Any CPU.Build.0 = Release|Any CPU
		{EA8F95F8-E581-4E4A-9B85-9014FA09228F}.Debug|Any CPU.ActiveCfg = Debug|Any CPU
		{EA8F95F8-E581-4E4A-9B85-9014FA09228F}.Debug|Any CPU.Build.0 = Debug|Any CPU
		{EA8F95F8-E581-4E4A-9B85-9014FA09228F}.Release|Any CPU.ActiveCfg = Release|Any CPU
		{EA8F95F8-E581-4E4A-9B85-9014FA09228F}.Release|Any CPU.Build.0 = Release|Any CPU
	EndGlobalSection
	GlobalSection(SolutionProperties) = preSolution
		HideSolutionNode = FALSE
	EndGlobalSection
	GlobalSection(ExtensibilityGlobals) = postSolution
		SolutionGuid = {4306306D-2311-4ECD-BD6F-F37896E17922}
	EndGlobalSection
EndGlobal
